
Microsoft Visual Studio Solution File, Format Version 12.00
# Visual Studio Version 17
VisualStudioVersion = 17.9.34728.123
MinimumVisualStudioVersion = 10.0.40219.1
Project("{FAE04EC0-301F-11D3-BF4B-00C04F79EFBC}") = "webtest", "webtest\webtest.csproj", "{55E7283D-89A8-47DA-8F46-D864B05AC61A}"
EndProject
Global
	GlobalSection(SolutionConfigurationPlatforms) = preSolution
		Debug|Any CPU = Debug|Any CPU
		Release|Any CPU = Release|Any CPU
	EndGlobalSection
	GlobalSection(ProjectConfigurationPlatforms) = postSolution
		{55E7283D-89A8-47DA-8F46-D864B05AC61A}.Debug|Any CPU.ActiveCfg = Debug|Any CPU
		{55E7283D-89A8-47DA-8F46-D864B05AC61A}.Debug|Any CPU.Build.0 = Debug|Any CPU
		{55E7283D-89A8-47DA-8F46-D864B05AC61A}.Release|Any CPU.ActiveCfg = Release|Any CPU
		{55E7283D-89A8-47DA-8F46-D864B05AC61A}.Release|Any CPU.Build.0 = Release|Any CPU
	EndGlobalSection
	GlobalSection(SolutionProperties) = preSolution
		HideSolutionNode = FALSE
	EndGlobalSection
	GlobalSection(ExtensibilityGlobals) = postSolution
		SolutionGuid = {96F7AD9F-428A-40B2-8587-08FA0A122875}
	EndGlobalSection
EndGlobal
